// !$*UTF8*$!
{
	archiveVersion = 1;
	classes = {
	};
	objectVersion = 48;
	objects = {

/* Begin PBXBuildFile section */
		2CBF9D7D202D71A700507EC5 /* AppDelegate.swift in Sources */ = {isa = PBXBuildFile; fileRef = 2CBF9D7C202D71A700507EC5 /* AppDelegate.swift */; };
		2CBF9D7F202D71A700507EC5 /* ViewController.swift in Sources */ = {isa = PBXBuildFile; fileRef = 2CBF9D7E202D71A700507EC5 /* ViewController.swift */; };
		2CBF9D82202D71A700507EC5 /* Main.storyboard in Resources */ = {isa = PBXBuildFile; fileRef = 2CBF9D80202D71A700507EC5 /* Main.storyboard */; };
		2CBF9D85202D71A700507EC5 /* BareBone.xcdatamodeld in Sources */ = {isa = PBXBuildFile; fileRef = 2CBF9D83202D71A700507EC5 /* BareBone.xcdatamodeld */; };
		2CBF9D87202D71A700507EC5 /* Assets.xcassets in Resources */ = {isa = PBXBuildFile; fileRef = 2CBF9D86202D71A700507EC5 /* Assets.xcassets */; };
		2CBF9D8A202D71A700507EC5 /* LaunchScreen.storyboard in Resources */ = {isa = PBXBuildFile; fileRef = 2CBF9D88202D71A700507EC5 /* LaunchScreen.storyboard */; };
		2CBF9D95202D71A700507EC5 /* BareBoneTests.swift in Sources */ = {isa = PBXBuildFile; fileRef = 2CBF9D94202D71A700507EC5 /* BareBoneTests.swift */; };
		2CBF9DA0202D71A700507EC5 /* BareBoneUITests.swift in Sources */ = {isa = PBXBuildFile; fileRef = 2CBF9D9F202D71A700507EC5 /* BareBoneUITests.swift */; };
/* End PBXBuildFile section */

/* Begin PBXContainerItemProxy section */
		2CBF9D91202D71A700507EC5 /* PBXContainerItemProxy */ = {
			isa = PBXContainerItemProxy;
			containerPortal = 2CBF9D71202D71A700507EC5 /* Project object */;
			proxyType = 1;
			remoteGlobalIDString = 2CBF9D78202D71A700507EC5;
			remoteInfo = BareBone;
		};
		2CBF9D9C202D71A700507EC5 /* PBXContainerItemProxy */ = {
			isa = PBXContainerItemProxy;
			containerPortal = 2CBF9D71202D71A700507EC5 /* Project object */;
			proxyType = 1;
			remoteGlobalIDString = 2CBF9D78202D71A700507EC5;
			remoteInfo = BareBone;
		};
/* End PBXContainerItemProxy section */

/* Begin PBXFileReference section */
		2CBF9D79202D71A700507EC5 /* BareBone.app */ = {isa = PBXFileReference; explicitFileType = wrapper.application; includeInIndex = 0; path = BareBone.app; sourceTree = BUILT_PRODUCTS_DIR; };
		2CBF9D7C202D71A700507EC5 /* AppDelegate.swift */ = {isa = PBXFileReference; lastKnownFileType = sourcecode.swift; path = AppDelegate.swift; sourceTree = "<group>"; };
		2CBF9D7E202D71A700507EC5 /* ViewController.swift */ = {isa = PBXFileReference; lastKnownFileType = sourcecode.swift; path = ViewController.swift; sourceTree = "<group>"; };
		2CBF9D81202D71A700507EC5 /* Base */ = {isa = PBXFileReference; lastKnownFileType = file.storyboard; name = Base; path = Base.lproj/Main.storyboard; sourceTree = "<group>"; };
		2CBF9D84202D71A700507EC5 /* BareBone.xcdatamodel */ = {isa = PBXFileReference; lastKnownFileType = wrapper.xcdatamodel; path = BareBone.xcdatamodel; sourceTree = "<group>"; };
		2CBF9D86202D71A700507EC5 /* Assets.xcassets */ = {isa = PBXFileReference; lastKnownFileType = folder.assetcatalog; path = Assets.xcassets; sourceTree = "<group>"; };
		2CBF9D89202D71A700507EC5 /* Base */ = {isa = PBXFileReference; lastKnownFileType = file.storyboard; name = Base; path = Base.lproj/LaunchScreen.storyboard; sourceTree = "<group>"; };
		2CBF9D8B202D71A700507EC5 /* Info.plist */ = {isa = PBXFileReference; lastKnownFileType = text.plist.xml; path = Info.plist; sourceTree = "<group>"; };
		2CBF9D90202D71A700507EC5 /* BareBoneTests.xctest */ = {isa = PBXFileReference; explicitFileType = wrapper.cfbundle; includeInIndex = 0; path = BareBoneTests.xctest; sourceTree = BUILT_PRODUCTS_DIR; };
		2CBF9D94202D71A700507EC5 /* BareBoneTests.swift */ = {isa = PBXFileReference; lastKnownFileType = sourcecode.swift; path = BareBoneTests.swift; sourceTree = "<group>"; };
		2CBF9D96202D71A700507EC5 /* Info.plist */ = {isa = PBXFileReference; lastKnownFileType = text.plist.xml; path = Info.plist; sourceTree = "<group>"; };
		2CBF9D9B202D71A700507EC5 /* BareBoneUITests.xctest */ = {isa = PBXFileReference; explicitFileType = wrapper.cfbundle; includeInIndex = 0; path = BareBoneUITests.xctest; sourceTree = BUILT_PRODUCTS_DIR; };
		2CBF9D9F202D71A700507EC5 /* BareBoneUITests.swift */ = {isa = PBXFileReference; lastKnownFileType = sourcecode.swift; path = BareBoneUITests.swift; sourceTree = "<group>"; };
		2CBF9DA1202D71A700507EC5 /* Info.plist */ = {isa = PBXFileReference; lastKnownFileType = text.plist.xml; path = Info.plist; sourceTree = "<group>"; };
/* End PBXFileReference section */

/* Begin PBXFrameworksBuildPhase section */
		2CBF9D76202D71A700507EC5 /* Frameworks */ = {
			isa = PBXFrameworksBuildPhase;
			buildActionMask = 2147483647;
			files = (
			);
			runOnlyForDeploymentPostprocessing = 0;
		};
		2CBF9D8D202D71A700507EC5 /* Frameworks */ = {
			isa = PBXFrameworksBuildPhase;
			buildActionMask = 2147483647;
			files = (
			);
			runOnlyForDeploymentPostprocessing = 0;
		};
		2CBF9D98202D71A700507EC5 /* Frameworks */ = {
			isa = PBXFrameworksBuildPhase;
			buildActionMask = 2147483647;
			files = (
			);
			runOnlyForDeploymentPostprocessing = 0;
		};
/* End PBXFrameworksBuildPhase section */

/* Begin PBXGroup section */
		2CBF9D70202D71A700507EC5 = {
			isa = PBXGroup;
			children = (
				2CBF9D7B202D71A700507EC5 /* BareBone */,
				2CBF9D93202D71A700507EC5 /* BareBoneTests */,
				2CBF9D9E202D71A700507EC5 /* BareBoneUITests */,
				2CBF9D7A202D71A700507EC5 /* Products */,
			);
			sourceTree = "<group>";
		};
		2CBF9D7A202D71A700507EC5 /* Products */ = {
			isa = PBXGroup;
			children = (
				2CBF9D79202D71A700507EC5 /* BareBone.app */,
				2CBF9D90202D71A700507EC5 /* BareBoneTests.xctest */,
				2CBF9D9B202D71A700507EC5 /* BareBoneUITests.xctest */,
			);
			name = Products;
			sourceTree = "<group>";
		};
		2CBF9D7B202D71A700507EC5 /* BareBone */ = {
			isa = PBXGroup;
			children = (
				2CBF9D7C202D71A700507EC5 /* AppDelegate.swift */,
				2CBF9D7E202D71A700507EC5 /* ViewController.swift */,
				2CBF9D80202D71A700507EC5 /* Main.storyboard */,
				2CBF9D86202D71A700507EC5 /* Assets.xcassets */,
				2CBF9D88202D71A700507EC5 /* LaunchScreen.storyboard */,
				2CBF9D8B202D71A700507EC5 /* Info.plist */,
				2CBF9D83202D71A700507EC5 /* BareBone.xcdatamodeld */,
			);
			path = BareBone;
			sourceTree = "<group>";
		};
		2CBF9D93202D71A700507EC5 /* BareBoneTests */ = {
			isa = PBXGroup;
			children = (
				2CBF9D94202D71A700507EC5 /* BareBoneTests.swift */,
				2CBF9D96202D71A700507EC5 /* Info.plist */,
			);
			path = BareBoneTests;
			sourceTree = "<group>";
		};
		2CBF9D9E202D71A700507EC5 /* BareBoneUITests */ = {
			isa = PBXGroup;
			children = (
				2CBF9D9F202D71A700507EC5 /* BareBoneUITests.swift */,
				2CBF9DA1202D71A700507EC5 /* Info.plist */,
			);
			path = BareBoneUITests;
			sourceTree = "<group>";
		};
/* End PBXGroup section */

/* Begin PBXNativeTarget section */
		2CBF9D78202D71A700507EC5 /* BareBone */ = {
			isa = PBXNativeTarget;
			buildConfigurationList = 2CBF9DA4202D71A700507EC5 /* Build configuration list for PBXNativeTarget "BareBone" */;
			buildPhases = (
				2CBF9D75202D71A700507EC5 /* Sources */,
				2CBF9D76202D71A700507EC5 /* Frameworks */,
				2CBF9D77202D71A700507EC5 /* Resources */,
			);
			buildRules = (
			);
			dependencies = (
			);
			name = BareBone;
			productName = BareBone;
			productReference = 2CBF9D79202D71A700507EC5 /* BareBone.app */;
			productType = "com.apple.product-type.application";
		};
		2CBF9D8F202D71A700507EC5 /* BareBoneTests */ = {
			isa = PBXNativeTarget;
			buildConfigurationList = 2CBF9DA7202D71A700507EC5 /* Build configuration list for PBXNativeTarget "BareBoneTests" */;
			buildPhases = (
				2CBF9D8C202D71A700507EC5 /* Sources */,
				2CBF9D8D202D71A700507EC5 /* Frameworks */,
				2CBF9D8E202D71A700507EC5 /* Resources */,
			);
			buildRules = (
			);
			dependencies = (
				2CBF9D92202D71A700507EC5 /* PBXTargetDependency */,
			);
			name = BareBoneTests;
			productName = BareBoneTests;
			productReference = 2CBF9D90202D71A700507EC5 /* BareBoneTests.xctest */;
			productType = "com.apple.product-type.bundle.unit-test";
		};
		2CBF9D9A202D71A700507EC5 /* BareBoneUITests */ = {
			isa = PBXNativeTarget;
			buildConfigurationList = 2CBF9DAA202D71A700507EC5 /* Build configuration list for PBXNativeTarget "BareBoneUITests" */;
			buildPhases = (
				2CBF9D97202D71A700507EC5 /* Sources */,
				2CBF9D98202D71A700507EC5 /* Frameworks */,
				2CBF9D99202D71A700507EC5 /* Resources */,
			);
			buildRules = (
			);
			dependencies = (
				2CBF9D9D202D71A700507EC5 /* PBXTargetDependency */,
			);
			name = BareBoneUITests;
			productName = BareBoneUITests;
			productReference = 2CBF9D9B202D71A700507EC5 /* BareBoneUITests.xctest */;
			productType = "com.apple.product-type.bundle.ui-testing";
		};
/* End PBXNativeTarget section */

/* Begin PBXProject section */
		2CBF9D71202D71A700507EC5 /* Project object */ = {
			isa = PBXProject;
			attributes = {
				LastSwiftUpdateCheck = 0920;
				LastUpgradeCheck = 0920;
				ORGANIZATIONNAME = "Kyle McGrew";
				TargetAttributes = {
					2CBF9D78202D71A700507EC5 = {
						CreatedOnToolsVersion = 9.2;
						ProvisioningStyle = Automatic;
					};
					2CBF9D8F202D71A700507EC5 = {
						CreatedOnToolsVersion = 9.2;
						ProvisioningStyle = Automatic;
						TestTargetID = 2CBF9D78202D71A700507EC5;
					};
					2CBF9D9A202D71A700507EC5 = {
						CreatedOnToolsVersion = 9.2;
						ProvisioningStyle = Automatic;
						TestTargetID = 2CBF9D78202D71A700507EC5;
					};
				};
			};
			buildConfigurationList = 2CBF9D74202D71A700507EC5 /* Build configuration list for PBXProject "BareBone" */;
			compatibilityVersion = "Xcode 8.0";
			developmentRegion = en;
			hasScannedForEncodings = 0;
			knownRegions = (
				en,
				Base,
			);
			mainGroup = 2CBF9D70202D71A700507EC5;
			productRefGroup = 2CBF9D7A202D71A700507EC5 /* Products */;
			projectDirPath = "";
			projectRoot = "";
			targets = (
				2CBF9D78202D71A700507EC5 /* BareBone */,
				2CBF9D8F202D71A700507EC5 /* BareBoneTests */,
				2CBF9D9A202D71A700507EC5 /* BareBoneUITests */,
			);
		};
/* End PBXProject section */

/* Begin PBXResourcesBuildPhase section */
		2CBF9D77202D71A700507EC5 /* Resources */ = {
			isa = PBXResourcesBuildPhase;
			buildActionMask = 2147483647;
			files = (
				2CBF9D8A202D71A700507EC5 /* LaunchScreen.storyboard in Resources */,
				2CBF9D87202D71A700507EC5 /* Assets.xcassets in Resources */,
				2CBF9D82202D71A700507EC5 /* Main.storyboard in Resources */,
			);
			runOnlyForDeploymentPostprocessing = 0;
		};
		2CBF9D8E202D71A700507EC5 /* Resources */ = {
			isa = PBXResourcesBuildPhase;
			buildActionMask = 2147483647;
			files = (
			);
			runOnlyForDeploymentPostprocessing = 0;
		};
		2CBF9D99202D71A700507EC5 /* Resources */ = {
			isa = PBXResourcesBuildPhase;
			buildActionMask = 2147483647;
			files = (
			);
			runOnlyForDeploymentPostprocessing = 0;
		};
/* End PBXResourcesBuildPhase section */

/* Begin PBXSourcesBuildPhase section */
		2CBF9D75202D71A700507EC5 /* Sources */ = {
			isa = PBXSourcesBuildPhase;
			buildActionMask = 2147483647;
			files = (
				2CBF9D7F202D71A700507EC5 /* ViewController.swift in Sources */,
				2CBF9D7D202D71A700507EC5 /* AppDelegate.swift in Sources */,
				2CBF9D85202D71A700507EC5 /* BareBone.xcdatamodeld in Sources */,
			);
			runOnlyForDeploymentPostprocessing = 0;
		};
		2CBF9D8C202D71A700507EC5 /* Sources */ = {
			isa = PBXSourcesBuildPhase;
			buildActionMask = 2147483647;
			files = (
				2CBF9D95202D71A700507EC5 /* BareBoneTests.swift in Sources */,
			);
			runOnlyForDeploymentPostprocessing = 0;
		};
		2CBF9D97202D71A700507EC5 /* Sources */ = {
			isa = PBXSourcesBuildPhase;
			buildActionMask = 2147483647;
			files = (
				2CBF9DA0202D71A700507EC5 /* BareBoneUITests.swift in Sources */,
			);
			runOnlyForDeploymentPostprocessing = 0;
		};
/* End PBXSourcesBuildPhase section */

/* Begin PBXTargetDependency section */
		2CBF9D92202D71A700507EC5 /* PBXTargetDependency */ = {
			isa = PBXTargetDependency;
			target = 2CBF9D78202D71A700507EC5 /* BareBone */;
			targetProxy = 2CBF9D91202D71A700507EC5 /* PBXContainerItemProxy */;
		};
		2CBF9D9D202D71A700507EC5 /* PBXTargetDependency */ = {
			isa = PBXTargetDependency;
			target = 2CBF9D78202D71A700507EC5 /* BareBone */;
			targetProxy = 2CBF9D9C202D71A700507EC5 /* PBXContainerItemProxy */;
		};
/* End PBXTargetDependency section */

/* Begin PBXVariantGroup section */
		2CBF9D80202D71A700507EC5 /* Main.storyboard */ = {
			isa = PBXVariantGroup;
			children = (
				2CBF9D81202D71A700507EC5 /* Base */,
			);
			name = Main.storyboard;
			sourceTree = "<group>";
		};
		2CBF9D88202D71A700507EC5 /* LaunchScreen.storyboard */ = {
			isa = PBXVariantGroup;
			children = (
				2CBF9D89202D71A700507EC5 /* Base */,
			);
			name = LaunchScreen.storyboard;
			sourceTree = "<group>";
		};
/* End PBXVariantGroup section */

/* Begin XCBuildConfiguration section */
		2CBF9DA2202D71A700507EC5 /* Debug */ = {
			isa = XCBuildConfiguration;
			buildSettings = {
				ALWAYS_SEARCH_USER_PATHS = NO;
				CLANG_ANALYZER_NONNULL = YES;
				CLANG_ANALYZER_NUMBER_OBJECT_CONVERSION = YES_AGGRESSIVE;
				CLANG_CXX_LANGUAGE_STANDARD = "gnu++14";
				CLANG_CXX_LIBRARY = "libc++";
				CLANG_ENABLE_MODULES = YES;
				CLANG_ENABLE_OBJC_ARC = YES;
				CLANG_WARN_BLOCK_CAPTURE_AUTORELEASING = YES;
				CLANG_WARN_BOOL_CONVERSION = YES;
				CLANG_WARN_COMMA = YES;
				CLANG_WARN_CONSTANT_CONVERSION = YES;
				CLANG_WARN_DIRECT_OBJC_ISA_USAGE = YES_ERROR;
				CLANG_WARN_DOCUMENTATION_COMMENTS = YES;
				CLANG_WARN_EMPTY_BODY = YES;
				CLANG_WARN_ENUM_CONVERSION = YES;
				CLANG_WARN_INFINITE_RECURSION = YES;
				CLANG_WARN_INT_CONVERSION = YES;
				CLANG_WARN_NON_LITERAL_NULL_CONVERSION = YES;
				CLANG_WARN_OBJC_LITERAL_CONVERSION = YES;
				CLANG_WARN_OBJC_ROOT_CLASS = YES_ERROR;
				CLANG_WARN_RANGE_LOOP_ANALYSIS = YES;
				CLANG_WARN_STRICT_PROTOTYPES = YES;
				CLANG_WARN_SUSPICIOUS_MOVE = YES;
				CLANG_WARN_UNGUARDED_AVAILABILITY = YES_AGGRESSIVE;
				CLANG_WARN_UNREACHABLE_CODE = YES;
				CLANG_WARN__DUPLICATE_METHOD_MATCH = YES;
				CODE_SIGN_IDENTITY = "iPhone Developer";
				COPY_PHASE_STRIP = NO;
				DEBUG_INFORMATION_FORMAT = dwarf;
				ENABLE_STRICT_OBJC_MSGSEND = YES;
				ENABLE_TESTABILITY = YES;
				GCC_C_LANGUAGE_STANDARD = gnu11;
				GCC_DYNAMIC_NO_PIC = NO;
				GCC_NO_COMMON_BLOCKS = YES;
				GCC_OPTIMIZATION_LEVEL = 0;
				GCC_PREPROCESSOR_DEFINITIONS = (
					"DEBUG=1",
					"$(inherited)",
				);
				GCC_WARN_64_TO_32_BIT_CONVERSION = YES;
				GCC_WARN_ABOUT_RETURN_TYPE = YES_ERROR;
				GCC_WARN_UNDECLARED_SELECTOR = YES;
				GCC_WARN_UNINITIALIZED_AUTOS = YES_AGGRESSIVE;
				GCC_WARN_UNUSED_FUNCTION = YES;
				GCC_WARN_UNUSED_VARIABLE = YES;
				IPHONEOS_DEPLOYMENT_TARGET = 11.2;
				MTL_ENABLE_DEBUG_INFO = YES;
				ONLY_ACTIVE_ARCH = YES;
				SDKROOT = iphoneos;
				SWIFT_ACTIVE_COMPILATION_CONDITIONS = DEBUG;
				SWIFT_OPTIMIZATION_LEVEL = "-Onone";
			};
			name = Debug;
		};
		2CBF9DA3202D71A700507EC5 /* Release */ = {
			isa = XCBuildConfiguration;
			buildSettings = {
				ALWAYS_SEARCH_USER_PATHS = NO;
				CLANG_ANALYZER_NONNULL = YES;
				CLANG_ANALYZER_NUMBER_OBJECT_CONVERSION = YES_AGGRESSIVE;
				CLANG_CXX_LANGUAGE_STANDARD = "gnu++14";
				CLANG_CXX_LIBRARY = "libc++";
				CLANG_ENABLE_MODULES = YES;
				CLANG_ENABLE_OBJC_ARC = YES;
				CLANG_WARN_BLOCK_CAPTURE_AUTORELEASING = YES;
				CLANG_WARN_BOOL_CONVERSION = YES;
				CLANG_WARN_COMMA = YES;
				CLANG_WARN_CONSTANT_CONVERSION = YES;
				CLANG_WARN_DIRECT_OBJC_ISA_USAGE = YES_ERROR;
				CLANG_WARN_DOCUMENTATION_COMMENTS = YES;
				CLANG_WARN_EMPTY_BODY = YES;
				CLANG_WARN_ENUM_CONVERSION = YES;
				CLANG_WARN_INFINITE_RECURSION = YES;
				CLANG_WARN_INT_CONVERSION = YES;
				CLANG_WARN_NON_LITERAL_NULL_CONVERSION = YES;
				CLANG_WARN_OBJC_LITERAL_CONVERSION = YES;
				CLANG_WARN_OBJC_ROOT_CLASS = YES_ERROR;
				CLANG_WARN_RANGE_LOOP_ANALYSIS = YES;
				CLANG_WARN_STRICT_PROTOTYPES = YES;
				CLANG_WARN_SUSPICIOUS_MOVE = YES;
				CLANG_WARN_UNGUARDED_AVAILABILITY = YES_AGGRESSIVE;
				CLANG_WARN_UNREACHABLE_CODE = YES;
				CLANG_WARN__DUPLICATE_METHOD_MATCH = YES;
				CODE_SIGN_IDENTITY = "iPhone Developer";
				COPY_PHASE_STRIP = NO;
				DEBUG_INFORMATION_FORMAT = "dwarf-with-dsym";
				ENABLE_NS_ASSERTIONS = NO;
				ENABLE_STRICT_OBJC_MSGSEND = YES;
				GCC_C_LANGUAGE_STANDARD = gnu11;
				GCC_NO_COMMON_BLOCKS = YES;
				GCC_WARN_64_TO_32_BIT_CONVERSION = YES;
				GCC_WARN_ABOUT_RETURN_TYPE = YES_ERROR;
				GCC_WARN_UNDECLARED_SELECTOR = YES;
				GCC_WARN_UNINITIALIZED_AUTOS = YES_AGGRESSIVE;
				GCC_WARN_UNUSED_FUNCTION = YES;
				GCC_WARN_UNUSED_VARIABLE = YES;
				IPHONEOS_DEPLOYMENT_TARGET = 11.2;
				MTL_ENABLE_DEBUG_INFO = NO;
				SDKROOT = iphoneos;
				SWIFT_OPTIMIZATION_LEVEL = "-Owholemodule";
				VALIDATE_PRODUCT = YES;
			};
			name = Release;
		};
		2CBF9DA5202D71A700507EC5 /* Debug */ = {
			isa = XCBuildConfiguration;
			buildSettings = {
				ASSETCATALOG_COMPILER_APPICON_NAME = AppIcon;
				CODE_SIGN_STYLE = Automatic;
				DEVELOPMENT_TEAM = SS9AKV7JP8;
				INFOPLIST_FILE = BareBone/Info.plist;
				LD_RUNPATH_SEARCH_PATHS = "$(inherited) @executable_path/Frameworks";
				PRODUCT_BUNDLE_IDENTIFIER = mcgrew.kyle.o.BareBone;
				PRODUCT_NAME = "$(TARGET_NAME)";
				SWIFT_VERSION = 4.0;
				TARGETED_DEVICE_FAMILY = "1,2";
			};
			name = Debug;
		};
		2CBF9DA6202D71A700507EC5 /* Release */ = {
			isa = XCBuildConfiguration;
			buildSettings = {
				ASSETCATALOG_COMPILER_APPICON_NAME = AppIcon;
				CODE_SIGN_STYLE = Automatic;
				DEVELOPMENT_TEAM = SS9AKV7JP8;
				INFOPLIST_FILE = BareBone/Info.plist;
				LD_RUNPATH_SEARCH_PATHS = "$(inherited) @executable_path/Frameworks";
				PRODUCT_BUNDLE_IDENTIFIER = mcgrew.kyle.o.BareBone;
				PRODUCT_NAME = "$(TARGET_NAME)";
				SWIFT_VERSION = 4.0;
				TARGETED_DEVICE_FAMILY = "1,2";
			};
			name = Release;
		};
		2CBF9DA8202D71A700507EC5 /* Debug */ = {
			isa = XCBuildConfiguration;
			buildSettings = {
				ALWAYS_EMBED_SWIFT_STANDARD_LIBRARIES = YES;
				BUNDLE_LOADER = "$(TEST_HOST)";
				CODE_SIGN_STYLE = Automatic;
				DEVELOPMENT_TEAM = SS9AKV7JP8;
				INFOPLIST_FILE = BareBoneTests/Info.plist;
				LD_RUNPATH_SEARCH_PATHS = "$(inherited) @executable_path/Frameworks @loader_path/Frameworks";
				PRODUCT_BUNDLE_IDENTIFIER = mcgrew.kyle.o.BareBoneTests;
				PRODUCT_NAME = "$(TARGET_NAME)";
				SWIFT_VERSION = 4.0;
				TARGETED_DEVICE_FAMILY = "1,2";
				TEST_HOST = "$(BUILT_PRODUCTS_DIR)/BareBone.app/BareBone";
			};
			name = Debug;
		};
		2CBF9DA9202D71A700507EC5 /* Release */ = {
			isa = XCBuildConfiguration;
			buildSettings = {
				ALWAYS_EMBED_SWIFT_STANDARD_LIBRARIES = YES;
				BUNDLE_LOADER = "$(TEST_HOST)";
				CODE_SIGN_STYLE = Automatic;
				DEVELOPMENT_TEAM = SS9AKV7JP8;
				INFOPLIST_FILE = BareBoneTests/Info.plist;
				LD_RUNPATH_SEARCH_PATHS = "$(inherited) @executable_path/Frameworks @loader_path/Frameworks";
				PRODUCT_BUNDLE_IDENTIFIER = mcgrew.kyle.o.BareBoneTests;
				PRODUCT_NAME = "$(TARGET_NAME)";
				SWIFT_VERSION = 4.0;
				TARGETED_DEVICE_FAMILY = "1,2";
				TEST_HOST = "$(BUILT_PRODUCTS_DIR)/BareBone.app/BareBone";
			};
			name = Release;
		};
		2CBF9DAB202D71A700507EC5 /* Debug */ = {
			isa = XCBuildConfiguration;
			buildSettings = {
				ALWAYS_EMBED_SWIFT_STANDARD_LIBRARIES = YES;
				CODE_SIGN_STYLE = Automatic;
				DEVELOPMENT_TEAM = SS9AKV7JP8;
				INFOPLIST_FILE = BareBoneUITests/Info.plist;
				LD_RUNPATH_SEARCH_PATHS = "$(inherited) @executable_path/Frameworks @loader_path/Frameworks";
				PRODUCT_BUNDLE_IDENTIFIER = mcgrew.kyle.o.BareBoneUITests;
				PRODUCT_NAME = "$(TARGET_NAME)";
				SWIFT_VERSION = 4.0;
				TARGETED_DEVICE_FAMILY = "1,2";
				TEST_TARGET_NAME = BareBone;
			};
			name = Debug;
		};
		2CBF9DAC202D71A700507EC5 /* Release */ = {
			isa = XCBuildConfiguration;
			buildSettings = {
				ALWAYS_EMBED_SWIFT_STANDARD_LIBRARIES = YES;
				CODE_SIGN_STYLE = Automatic;
				DEVELOPMENT_TEAM = SS9AKV7JP8;
				INFOPLIST_FILE = BareBoneUITests/Info.plist;
				LD_RUNPATH_SEARCH_PATHS = "$(inherited) @executable_path/Frameworks @loader_path/Frameworks";
				PRODUCT_BUNDLE_IDENTIFIER = mcgrew.kyle.o.BareBoneUITests;
				PRODUCT_NAME = "$(TARGET_NAME)";
				SWIFT_VERSION = 4.0;
				TARGETED_DEVICE_FAMILY = "1,2";
				TEST_TARGET_NAME = BareBone;
			};
			name = Release;
		};
/* End XCBuildConfiguration section */

/* Begin XCConfigurationList section */
		2CBF9D74202D71A700507EC5 /* Build configuration list for PBXProject "BareBone" */ = {
			isa = XCConfigurationList;
			buildConfigurations = (
				2CBF9DA2202D71A700507EC5 /* Debug */,
				2CBF9DA3202D71A700507EC5 /* Release */,
			);
			defaultConfigurationIsVisible = 0;
			defaultConfigurationName = Release;
		};
		2CBF9DA4202D71A700507EC5 /* Build configuration list for PBXNativeTarget "BareBone" */ = {
			isa = XCConfigurationList;
			buildConfigurations = (
				2CBF9DA5202D71A700507EC5 /* Debug */,
				2CBF9DA6202D71A700507EC5 /* Release */,
			);
			defaultConfigurationIsVisible = 0;
			defaultConfigurationName = Release;
		};
		2CBF9DA7202D71A700507EC5 /* Build configuration list for PBXNativeTarget "BareBoneTests" */ = {
			isa = XCConfigurationList;
			buildConfigurations = (
				2CBF9DA8202D71A700507EC5 /* Debug */,
				2CBF9DA9202D71A700507EC5 /* Release */,
			);
			defaultConfigurationIsVisible = 0;
			defaultConfigurationName = Release;
		};
		2CBF9DAA202D71A700507EC5 /* Build configuration list for PBXNativeTarget "BareBoneUITests" */ = {
			isa = XCConfigurationList;
			buildConfigurations = (
				2CBF9DAB202D71A700507EC5 /* Debug */,
				2CBF9DAC202D71A700507EC5 /* Release */,
			);
			defaultConfigurationIsVisible = 0;
			defaultConfigurationName = Release;
		};
/* End XCConfigurationList section */

/* Begin XCVersionGroup section */
		2CBF9D83202D71A700507EC5 /* BareBone.xcdatamodeld */ = {
			isa = XCVersionGroup;
			children = (
				2CBF9D84202D71A700507EC5 /* BareBone.xcdatamodel */,
			);
			currentVersion = 2CBF9D84202D71A700507EC5 /* BareBone.xcdatamodel */;
			path = BareBone.xcdatamodeld;
			sourceTree = "<group>";
			versionGroupType = wrapper.xcdatamodel;
		};
/* End XCVersionGroup section */
	};
	rootObject = 2CBF9D71202D71A700507EC5 /* Project object */;
}
